{
  "name": "Anki_Auto",
  "lockfileVersion": 3,
  "requires": true,
  "packages": {
    "": {
      "dependencies": {
        "dotenv": "^16.4.7",
        "stopword": "^3.1.4"
      },
      "devDependencies": {
        "@types/stopword": "^2.0.3"
      }
    },
    "node_modules/@types/stopword": {
      "version": "2.0.3",
      "resolved": "https://registry.npmjs.org/@types/stopword/-/stopword-2.0.3.tgz",
      "integrity": "sha512-hioMj0lOvISM+EDevf7ijG8EMbU+J3pj4SstCyfQC1t39uPYpAe7beSfBdU6c1d9jeECTQQtR3UJWtVoUO8Weg==",
      "dev": true,
      "license": "MIT"
    },
    "node_modules/dotenv": {
      "version": "16.4.7",
      "resolved": "https://registry.npmjs.org/dotenv/-/dotenv-16.4.7.tgz",
      "integrity": "sha512-47qPchRCykZC03FhkYAhrvwU4xDBFIj1QPqaarj6mdM/hgUzfPHcpkHJOn3mJAufFeeAxAzeGsr5X0M4k6fLZQ==",
      "license": "BSD-2-Clause",
      "engines": {
        "node": ">=12"
      },
      "funding": {
        "url": "https://dotenvx.com"
      }
    },
    "node_modules/stopword": {
      "version": "3.1.4",
      "resolved": "https://registry.npmjs.org/stopword/-/stopword-3.1.4.tgz",
      "integrity": "sha512-RiyU12FwHWX1i42gxhn5sywgpV5mptZTzbHKqKh5wVDWC2Uu+8vKbLv8xxeNa0p29vECbYGLXpDayo54n9+dsg==",
      "license": "MIT"
    }
  }
}
